
Microsoft Visual Studio Solution File, Format Version 12.00
# Visual Studio Version 17
VisualStudioVersion = 17.8.34316.72
MinimumVisualStudioVersion = 10.0.40219.1
Project("{FAE04EC0-301F-11D3-BF4B-00C04F79EFBC}") = "AdministrareMagazin", "AdministrareMagazin\AdministrareMagazin.csproj", "{34CA8F35-B50F-45D1-BC96-E706E14B8D14}"
EndProject
Global
	GlobalSection(SolutionConfigurationPlatforms) = preSolution
		Debug|Any CPU = Debug|Any CPU
		Release|Any CPU = Release|Any CPU
	EndGlobalSection
	GlobalSection(ProjectConfigurationPlatforms) = postSolution
		{34CA8F35-B50F-45D1-BC96-E706E14B8D14}.Debug|Any CPU.ActiveCfg = Debug|Any CPU
		{34CA8F35-B50F-45D1-BC96-E706E14B8D14}.Debug|Any CPU.Build.0 = Debug|Any CPU
		{34CA8F35-B50F-45D1-BC96-E706E14B8D14}.Release|Any CPU.ActiveCfg = Release|Any CPU
		{34CA8F35-B50F-45D1-BC96-E706E14B8D14}.Release|Any CPU.Build.0 = Release|Any CPU
	EndGlobalSection
	GlobalSection(SolutionProperties) = preSolution
		HideSolutionNode = FALSE
	EndGlobalSection
	GlobalSection(ExtensibilityGlobals) = postSolution
		SolutionGuid = {58AFFA3D-9B18-4D67-BD8A-7FEDBDDEFC7E}
	EndGlobalSection
EndGlobal
